<?xml version="1.0" encoding="utf-8"?>
<Project ToolsVersion="4.0" xmlns="http://schemas.microsoft.com/developer/msbuild/2003">
  <ItemGroup>
    <ClCompile Include="main.cpp" />
    <ClCompile Include="entity.cpp" />
    <ClCompile Include="renderer.cpp" />
    <ClCompile Include="game.cpp" />
    <ClCompile Include="mathHelper.cpp" />
    <ClCompile Include="sprite.cpp" />
  </ItemGroup>
  <ItemGroup>
    <Filter Include="headers">
      <UniqueIdentifier>{b058a33e-df26-403e-9acc-e2d4d36ec077}</UniqueIdentifier>
    </Filter>
  </ItemGroup>
  <ItemGroup>
    <ClInclude Include="entity.h">
      <Filter>headers</Filter>
    </ClInclude>
    <ClInclude Include="game.h">
      <Filter>headers</Filter>
    </ClInclude>
    <ClInclude Include="renderer.h">
      <Filter>headers</Filter>
    </ClInclude>
    <ClInclude Include="mathHelper.h">
      <Filter>headers</Filter>
    </ClInclude>
    <ClInclude Include="sprite.h">
      <Filter>headers</Filter>
    </ClInclude>
    <ClInclude Include="timer.h">
      <Filter>headers</Filter>
    </ClInclude>
  </ItemGroup>
</Project>