<?xml version="1.0" encoding="utf-8"?>
<Project ToolsVersion="4.0" xmlns="http://schemas.microsoft.com/developer/msbuild/2003">
  <ItemGroup>
    <ClCompile Include="main.cpp" />
    <ClCompile Include="game.cpp">
      <Filter>engine</Filter>
    </ClCompile>
    <ClCompile Include="display.cpp">
      <Filter>engine</Filter>
    </ClCompile>
  </ItemGroup>
  <ItemGroup>
    <Filter Include="engine">
      <UniqueIdentifier>{a121bd5d-05e3-48d1-af5e-b6219f9efe0a}</UniqueIdentifier>
    </Filter>
    <Filter Include="engine\headers">
      <UniqueIdentifier>{d9bae2cf-65a5-44e4-9a9d-c21228f78fac}</UniqueIdentifier>
    </Filter>
  </ItemGroup>
  <ItemGroup>
    <ClInclude Include="game.h">
      <Filter>engine\headers</Filter>
    </ClInclude>
    <ClInclude Include="display.h">
      <Filter>engine\headers</Filter>
    </ClInclude>
  </ItemGroup>
</Project>