<?xml version="1.0" encoding="utf-8"?>
<Project ToolsVersion="4.0" xmlns="http://schemas.microsoft.com/developer/msbuild/2003">
  <ItemGroup>
    <ClCompile Include="main.cpp" />
    <ClCompile Include="display.cpp" />
    <ClCompile Include="mesh.cpp" />
    <ClCompile Include="shader.cpp" />
  </ItemGroup>
  <ItemGroup>
    <Filter Include="headers">
      <UniqueIdentifier>{3e9ef4e5-bcd4-4161-8243-90e67d85dc43}</UniqueIdentifier>
    </Filter>
  </ItemGroup>
  <ItemGroup>
    <ClInclude Include="headers/display.h">
      <Filter>headers</Filter>
    </ClInclude>
    <ClInclude Include="headers/mesh.h">
      <Filter>headers</Filter>
    </ClInclude>
    <ClInclude Include="headers/shader.h">
      <Filter>headers</Filter>
    </ClInclude>
  </ItemGroup>
</Project>